github.com/nitekode/reflector v0.0.0-20260529183542-1efc015e4b57 h1:/4lW9MDUQDNR2haCiciEC8utAK7xYN8MS+ylHsc1AGE=
github.com/nitekode/reflector v0.0.0-20260529183542-1efc015e4b57/go.mod h1:QZQKZoX7mG4FAkjMs8EHjW2Ml4oszku87uJsEFOAASo=
github.com/nitekode/reflector v0.0.0-20260529191204-3a8003433d3d h1:sR41MEcIfofuGs93iIfPGK5im45ERwRSTw1kFv2f89E=
github.com/nitekode/reflector v0.0.0-20260529191204-3a8003433d3d/go.mod h1:QZQKZoX7mG4FAkjMs8EHjW2Ml4oszku87uJsEFOAASo=
